<?xml version="1.0" encoding="utf-8"?>
<Project ToolsVersion="17.0" xmlns="http://schemas.microsoft.com/developer/msbuild/2003">
  <ItemGroup>
    <ClCompile Include="C:\Users\michl\Documents\JPO\ProjektKalkulator\src\empty.cpp">
      <Filter>Source Files</Filter>
    </ClCompile>
    <ClCompile Include="C:\Users\michl\Documents\JPO\ProjektKalkulator\src\main.cpp">
      <Filter>Source Files</Filter>
    </ClCompile>
  </ItemGroup>
  <ItemGroup>
    <ClInclude Include="C:\Users\michl\Documents\JPO\ProjektKalkulator\include\empty.h">
      <Filter>Header Files</Filter>
    </ClInclude>
  </ItemGroup>
  <ItemGroup>
    <CustomBuild Include="C:\Users\michl\Documents\JPO\ProjektKalkulator\CMakeLists.txt" />
  </ItemGroup>
  <ItemGroup>
    <Filter Include="Header Files">
      <UniqueIdentifier>{F18AD8A7-8294-30BF-83B7-0B2AF12291D4}</UniqueIdentifier>
    </Filter>
    <Filter Include="Source Files">
      <UniqueIdentifier>{E7CF31B2-F3A1-3E89-A6F3-82E1BBE343FC}</UniqueIdentifier>
    </Filter>
  </ItemGroup>
</Project>
