
Microsoft Visual Studio Solution File, Format Version 12.00
# Visual Studio Version 17
Project("{8BC9CEB8-8B4A-11D0-8D11-00A0C91BC942}") = "ProjektKalkulator", "ProjektKalkulator.vcxproj", "{412D5A67-8FE6-38A4-98CF-B647E5315DFB}"
	ProjectSection(ProjectDependencies) = postProject
		{BB71E84A-32F2-39F4-B434-39B36F32E678} = {BB71E84A-32F2-39F4-B434-39B36F32E678}
	EndProjectSection
EndProject
Project("{8BC9CEB8-8B4A-11D0-8D11-00A0C91BC942}") = "ALL_BUILD", "ALL_BUILD.vcxproj", "{8528DFC9-C94A-371D-AB61-15E3E39B5639}"
	ProjectSection(ProjectDependencies) = postProject
		{412D5A67-8FE6-38A4-98CF-B647E5315DFB} = {412D5A67-8FE6-38A4-98CF-B647E5315DFB}
		{BB71E84A-32F2-39F4-B434-39B36F32E678} = {BB71E84A-32F2-39F4-B434-39B36F32E678}
	EndProjectSection
EndProject
Project("{8BC9CEB8-8B4A-11D0-8D11-00A0C91BC942}") = "ZERO_CHECK", "ZERO_CHECK.vcxproj", "{BB71E84A-32F2-39F4-B434-39B36F32E678}"
	ProjectSection(ProjectDependencies) = postProject
	EndProjectSection
EndProject
Global
	GlobalSection(SolutionConfigurationPlatforms) = preSolution
		Debug|x64 = Debug|x64
		Release|x64 = Release|x64
		MinSizeRel|x64 = MinSizeRel|x64
		RelWithDebInfo|x64 = RelWithDebInfo|x64
	EndGlobalSection
	GlobalSection(ProjectConfigurationPlatforms) = postSolution
		{412D5A67-8FE6-38A4-98CF-B647E5315DFB}.Debug|x64.ActiveCfg = Debug|x64
		{412D5A67-8FE6-38A4-98CF-B647E5315DFB}.Debug|x64.Build.0 = Debug|x64
		{412D5A67-8FE6-38A4-98CF-B647E5315DFB}.Release|x64.ActiveCfg = Release|x64
		{412D5A67-8FE6-38A4-98CF-B647E5315DFB}.Release|x64.Build.0 = Release|x64
		{412D5A67-8FE6-38A4-98CF-B647E5315DFB}.MinSizeRel|x64.ActiveCfg = MinSizeRel|x64
		{412D5A67-8FE6-38A4-98CF-B647E5315DFB}.MinSizeRel|x64.Build.0 = MinSizeRel|x64
		{412D5A67-8FE6-38A4-98CF-B647E5315DFB}.RelWithDebInfo|x64.ActiveCfg = RelWithDebInfo|x64
		{412D5A67-8FE6-38A4-98CF-B647E5315DFB}.RelWithDebInfo|x64.Build.0 = RelWithDebInfo|x64
		{8528DFC9-C94A-371D-AB61-15E3E39B5639}.Debug|x64.ActiveCfg = Debug|x64
		{8528DFC9-C94A-371D-AB61-15E3E39B5639}.Release|x64.ActiveCfg = Release|x64
		{8528DFC9-C94A-371D-AB61-15E3E39B5639}.MinSizeRel|x64.ActiveCfg = MinSizeRel|x64
		{8528DFC9-C94A-371D-AB61-15E3E39B5639}.RelWithDebInfo|x64.ActiveCfg = RelWithDebInfo|x64
		{BB71E84A-32F2-39F4-B434-39B36F32E678}.Debug|x64.ActiveCfg = Debug|x64
		{BB71E84A-32F2-39F4-B434-39B36F32E678}.Debug|x64.Build.0 = Debug|x64
		{BB71E84A-32F2-39F4-B434-39B36F32E678}.Release|x64.ActiveCfg = Release|x64
		{BB71E84A-32F2-39F4-B434-39B36F32E678}.Release|x64.Build.0 = Release|x64
		{BB71E84A-32F2-39F4-B434-39B36F32E678}.MinSizeRel|x64.ActiveCfg = MinSizeRel|x64
		{BB71E84A-32F2-39F4-B434-39B36F32E678}.MinSizeRel|x64.Build.0 = MinSizeRel|x64
		{BB71E84A-32F2-39F4-B434-39B36F32E678}.RelWithDebInfo|x64.ActiveCfg = RelWithDebInfo|x64
		{BB71E84A-32F2-39F4-B434-39B36F32E678}.RelWithDebInfo|x64.Build.0 = RelWithDebInfo|x64
	EndGlobalSection
	GlobalSection(ExtensibilityGlobals) = postSolution
		SolutionGuid = {8A56787C-612B-3023-ABA8-D371D4A342F9}
	EndGlobalSection
	GlobalSection(ExtensibilityAddIns) = postSolution
	EndGlobalSection
EndGlobal
