<?xml version="1.0" encoding="utf-8"?>
<Project ToolsVersion="17.0" xmlns="http://schemas.microsoft.com/developer/msbuild/2003">
  <ItemGroup>
    <CustomBuild Include="C:\Users\michl\Documents\JPO\ProjektKalkulator\build_win\CMakeFiles\2e95925f94133a9738f5c93f54a2b458\generate.stamp.rule">
      <Filter>CMake Rules</Filter>
    </CustomBuild>
  </ItemGroup>
  <ItemGroup>
    <Filter Include="CMake Rules">
      <UniqueIdentifier>{5FCD2465-01E4-374D-8635-51B0196AB0E5}</UniqueIdentifier>
    </Filter>
  </ItemGroup>
</Project>
